
Microsoft Visual Studio Solution File, Format Version 12.00
# Visual Studio Version 17
VisualStudioVersion = 17.8.34330.188
MinimumVisualStudioVersion = 10.0.40219.1
Project("{FAE04EC0-301F-11D3-BF4B-00C04F79EFBC}") = "JsonEndpointer", "JsonEndpointer\JsonEndpointer.csproj", "{CCB10659-5FBB-4A03-B10A-46F7DA3935B0}"
EndProject
Project("{FAE04EC0-301F-11D3-BF4B-00C04F79EFBC}") = "JsonEndpointerTests", "JsonEndpointerTests\JsonEndpointerTests.csproj", "{A881DBA9-1554-4105-8100-186A53A72CB7}"
EndProject
Global
	GlobalSection(SolutionConfigurationPlatforms) = preSolution
		Debug|Any CPU = Debug|Any CPU
		Release|Any CPU = Release|Any CPU
	EndGlobalSection
	GlobalSection(ProjectConfigurationPlatforms) = postSolution
		{CCB10659-5FBB-4A03-B10A-46F7DA3935B0}.Debug|Any CPU.ActiveCfg = Debug|Any CPU
		{CCB10659-5FBB-4A03-B10A-46F7DA3935B0}.Debug|Any CPU.Build.0 = Debug|Any CPU
		{CCB10659-5FBB-4A03-B10A-46F7DA3935B0}.Release|Any CPU.ActiveCfg = Release|Any CPU
		{CCB10659-5FBB-4A03-B10A-46F7DA3935B0}.Release|Any CPU.Build.0 = Release|Any CPU
		{A881DBA9-1554-4105-8100-186A53A72CB7}.Debug|Any CPU.ActiveCfg = Debug|Any CPU
		{A881DBA9-1554-4105-8100-186A53A72CB7}.Debug|Any CPU.Build.0 = Debug|Any CPU
		{A881DBA9-1554-4105-8100-186A53A72CB7}.Release|Any CPU.ActiveCfg = Release|Any CPU
		{A881DBA9-1554-4105-8100-186A53A72CB7}.Release|Any CPU.Build.0 = Release|Any CPU
	EndGlobalSection
	GlobalSection(SolutionProperties) = preSolution
		HideSolutionNode = FALSE
	EndGlobalSection
	GlobalSection(ExtensibilityGlobals) = postSolution
		SolutionGuid = {6C00782C-AD00-48A5-9442-FE6C95E53C12}
	EndGlobalSection
EndGlobal
